Microsoft Visual Studio Solution File, Format Version 7.00
Project("{FAE04EC0-301F-11D3-BF4B-00C04F79EFBC}") = "DeltaForth", "DeltaForth.csproj", "{3465685A-3DE0-458E-8BD4-CFF8E8963317}"
EndProject
Global
	GlobalSection(SolutionConfiguration) = preSolution
		ConfigName.0 = Debug
		ConfigName.1 = Release
	EndGlobalSection
	GlobalSection(ProjectDependencies) = postSolution
	EndGlobalSection
	GlobalSection(ProjectConfiguration) = postSolution
		{3465685A-3DE0-458E-8BD4-CFF8E8963317}.Debug.ActiveCfg = Debug|.NET
		{3465685A-3DE0-458E-8BD4-CFF8E8963317}.Debug.Build.0 = Debug|.NET
		{3465685A-3DE0-458E-8BD4-CFF8E8963317}.Release.ActiveCfg = Release|.NET
		{3465685A-3DE0-458E-8BD4-CFF8E8963317}.Release.Build.0 = Release|.NET
	EndGlobalSection
	GlobalSection(ExtensibilityGlobals) = postSolution
	EndGlobalSection
	GlobalSection(ExtensibilityAddIns) = postSolution
	EndGlobalSection
EndGlobal
